
Microsoft Visual Studio Solution File, Format Version 12.00
# Visual Studio 15
VisualStudioVersion = 15.0.27004.2010
MinimumVisualStudioVersion = 10.0.40219.1
Project("{FAE04EC0-301F-11D3-BF4B-00C04F79EFBC}") = "ShapeFit", "ShapeFit\ShapeFit.csproj", "{9785E78E-7981-4CFF-9280-85FE5506E489}"
EndProject
Global
	GlobalSection(SolutionConfigurationPlatforms) = preSolution
		Debug|Any CPU = Debug|Any CPU
		Release|Any CPU = Release|Any CPU
	EndGlobalSection
	GlobalSection(ProjectConfigurationPlatforms) = postSolution
		{9785E78E-7981-4CFF-9280-85FE5506E489}.Debug|Any CPU.ActiveCfg = Debug|Any CPU
		{9785E78E-7981-4CFF-9280-85FE5506E489}.Debug|Any CPU.Build.0 = Debug|Any CPU
		{9785E78E-7981-4CFF-9280-85FE5506E489}.Release|Any CPU.ActiveCfg = Release|Any CPU
		{9785E78E-7981-4CFF-9280-85FE5506E489}.Release|Any CPU.Build.0 = Release|Any CPU
	EndGlobalSection
	GlobalSection(SolutionProperties) = preSolution
		HideSolutionNode = FALSE
	EndGlobalSection
	GlobalSection(ExtensibilityGlobals) = postSolution
		SolutionGuid = {6EFA3F97-D540-405E-AB89-BE8E0F7C5DA5}
	EndGlobalSection
EndGlobal
